
Microsoft Visual Studio Solution File, Format Version 12.00
# Visual Studio Version 16
VisualStudioVersion = 16.0.30517.126
MinimumVisualStudioVersion = 10.0.40219.1
Project("{FAE04EC0-301F-11D3-BF4B-00C04F79EFBC}") = "PPPConverter", "PPPConverter\PPPConverter.csproj", "{84682747-5C32-4B06-9166-23D434B51BE6}"
EndProject
Global
	GlobalSection(SolutionConfigurationPlatforms) = preSolution
		Debug|Any CPU = Debug|Any CPU
		Release|Any CPU = Release|Any CPU
	EndGlobalSection
	GlobalSection(ProjectConfigurationPlatforms) = postSolution
		{84682747-5C32-4B06-9166-23D434B51BE6}.Debug|Any CPU.ActiveCfg = Debug|Any CPU
		{84682747-5C32-4B06-9166-23D434B51BE6}.Debug|Any CPU.Build.0 = Debug|Any CPU
		{84682747-5C32-4B06-9166-23D434B51BE6}.Release|Any CPU.ActiveCfg = Release|Any CPU
		{84682747-5C32-4B06-9166-23D434B51BE6}.Release|Any CPU.Build.0 = Release|Any CPU
	EndGlobalSection
	GlobalSection(SolutionProperties) = preSolution
		HideSolutionNode = FALSE
	EndGlobalSection
	GlobalSection(ExtensibilityGlobals) = postSolution
		SolutionGuid = {0EE80B6C-B7B0-491D-AEBF-29702097AF13}
	EndGlobalSection
EndGlobal
